{
  "lockfile_version": "1",
  "packages": {
    "koreader@latest": {
      "last_modified": "2023-11-23T16:10:41Z",
      "resolved": "github:NixOS/nixpkgs/e8b0430bc4c4235607ae102010dec2ba32e8c0ca#koreader",
      "source": "devbox-search",
      "version": "2023.04",
      "systems": {
        "aarch64-linux": {
          "store_path": "/nix/store/63i44gn3i3h5613lrn4a4dswzqqpqnqa-koreader-2023.04"
        },
        "x86_64-linux": {
          "store_path": "/nix/store/9q7qqxhklzqkqq1rkhp8nacavnfxcbil-koreader-2023.04"
        }
      }
    },
    "lua-language-server@latest": {
      "last_modified": "2023-11-17T14:14:56Z",
      "resolved": "github:NixOS/nixpkgs/a71323f68d4377d12c04a5410e214495ec598d4c#lua-language-server",
      "source": "devbox-search",
      "version": "3.7.3",
      "systems": {
        "aarch64-darwin": {
          "store_path": "/nix/store/7j2mbdvbq8fz2k3pc0b17gbshw93c696-lua-language-server-3.7.3"
        },
        "aarch64-linux": {
          "store_path": "/nix/store/xv9919254kfk9v1q2rz0czyld1xjmkq3-lua-language-server-3.7.3"
        },
        "x86_64-darwin": {
          "store_path": "/nix/store/8xqv7plwl1w3xlspisng69ky8xq4q5ql-lua-language-server-3.7.3"
        },
        "x86_64-linux": {
          "store_path": "/nix/store/i04fyyhskybgnv2bd1zf9nyd9d5ifrhx-lua-language-server-3.7.3"
        }
      }
    }
  }
}
