{
  "lockfile_version": "1",
  "packages": {
    "cachix@latest": {
      "last_modified": "2024-01-14T03:55:27Z",
      "resolved": "github:NixOS/nixpkgs/dd5621df6dcb90122b50da5ec31c411a0de3e538#cachix",
      "source": "devbox-search",
      "version": "1.7",
      "systems": {
        "aarch64-darwin": {
          "store_path": "/nix/store/kghaa2xgg38rpxis58xwh1p23yvn68sc-cachix-1.7-bin"
        },
        "aarch64-linux": {
          "store_path": "/nix/store/4l12j2nd8cwsphlm9davnzcb7228b370-cachix-1.7-bin"
        },
        "x86_64-darwin": {
          "store_path": "/nix/store/83sspscarb1igk5qqghy2kiwqv5g6xyz-cachix-1.7-bin"
        },
        "x86_64-linux": {
          "store_path": "/nix/store/ibmj8lsgcs8b3frbr48vdm0mcxz56zly-cachix-1.7-bin"
        }
      }
    },
    "gcc@13.2.0": {
      "last_modified": "2024-04-19T21:36:04Z",
      "resolved": "github:NixOS/nixpkgs/92d295f588631b0db2da509f381b4fb1e74173c5#gcc",
      "source": "devbox-search",
      "version": "13.2.0",
      "systems": {
        "aarch64-darwin": {
          "store_path": "/nix/store/lkml0r6mcdz3y1ymjg9mfgp6ksj6q7v5-gcc-wrapper-13.2.0"
        },
        "aarch64-linux": {
          "store_path": "/nix/store/nly6ffl5anzn9yavb7d0i39779nh19yv-gcc-wrapper-13.2.0"
        },
        "x86_64-darwin": {
          "store_path": "/nix/store/l8gxgd35k2pm86b2r7lx2z5r2xp9ypvv-gcc-wrapper-13.2.0"
        },
        "x86_64-linux": {
          "store_path": "/nix/store/4kwk49k8rc8cg8c387kbbjcrl8i0y693-gcc-wrapper-13.2.0"
        }
      }
    },
    "koreader@latest": {
      "last_modified": "2023-12-13T22:54:10Z",
      "resolved": "github:NixOS/nixpkgs/fd04bea4cbf76f86f244b9e2549fca066db8ddff#koreader",
      "source": "devbox-search",
      "version": "2023.04",
      "systems": {
        "aarch64-linux": {
          "store_path": "/nix/store/k31xmj69g5vxxz27krsf2238dxj2c0hp-koreader-2023.04"
        },
        "x86_64-linux": {
          "store_path": "/nix/store/llhp3iyy76g6xj8fjg1kp2kgjvkyk41w-koreader-2023.04"
        }
      }
    },
    "lua-language-server@latest": {
      "last_modified": "2023-12-13T22:54:10Z",
      "resolved": "github:NixOS/nixpkgs/fd04bea4cbf76f86f244b9e2549fca066db8ddff#lua-language-server",
      "source": "devbox-search",
      "version": "3.7.3",
      "systems": {
        "aarch64-darwin": {
          "store_path": "/nix/store/ckkr12q52hwnbpklsmk5h58w3q3kqicq-lua-language-server-3.7.3"
        },
        "aarch64-linux": {
          "store_path": "/nix/store/gzsv5gsqa2ml0pbz5g3n2cz37akm89p3-lua-language-server-3.7.3"
        },
        "x86_64-darwin": {
          "store_path": "/nix/store/xsviia92swhbmdvqkrcw5c668znz6lvp-lua-language-server-3.7.3"
        },
        "x86_64-linux": {
          "store_path": "/nix/store/j4720qdqxjyy2bijs313igxdzr7chl2s-lua-language-server-3.7.3"
        }
      }
    },
    "python@latest": {
      "last_modified": "2024-01-14T03:55:27Z",
      "plugin_version": "0.0.3",
      "resolved": "github:NixOS/nixpkgs/dd5621df6dcb90122b50da5ec31c411a0de3e538#python312",
      "source": "devbox-search",
      "version": "3.12.1",
      "systems": {
        "aarch64-darwin": {
          "store_path": "/nix/store/pikp0zcfmr1xxws10j293zhh67y1gha2-python3-3.12.1"
        },
        "aarch64-linux": {
          "store_path": "/nix/store/0lc7w5bz37ajlw59sf14ndms5wmvnc1j-python3-3.12.1"
        },
        "x86_64-darwin": {
          "store_path": "/nix/store/vbbg55b1zms8ylj0zwq8pdc70dpv7sp7-python3-3.12.1"
        },
        "x86_64-linux": {
          "store_path": "/nix/store/r2pbmhh7l7g6f3avk8vg8d33frl4c2sx-python3-3.12.1"
        }
      }
    },
    "rustup@latest": {
      "last_modified": "2023-11-19T17:46:56Z",
      "plugin_version": "0.0.1",
      "resolved": "github:NixOS/nixpkgs/0bf3f5cf6a98b5d077cdcdb00a6d4b3d92bc78b5#rustup",
      "version": "1.26.0"
    },
    "sqlx-cli@latest": {
      "last_modified": "2023-12-13T22:54:10Z",
      "resolved": "github:NixOS/nixpkgs/fd04bea4cbf76f86f244b9e2549fca066db8ddff#sqlx-cli",
      "source": "devbox-search",
      "version": "0.7.1",
      "systems": {
        "aarch64-darwin": {
          "store_path": "/nix/store/29rgrz5lxa51ysbjkfagkfhm4x31l30q-sqlx-cli-0.7.1"
        },
        "aarch64-linux": {
          "store_path": "/nix/store/ipak8gvmw3sg9i69ir77dqh3wcwiiv8m-sqlx-cli-0.7.1"
        },
        "x86_64-darwin": {
          "store_path": "/nix/store/jc81pywxr06qq2h99ad0sycds2ghi6zd-sqlx-cli-0.7.1"
        },
        "x86_64-linux": {
          "store_path": "/nix/store/4s9hhqrf3igbmimvsn29y12frzb93c3l-sqlx-cli-0.7.1"
        }
      }
    }
  }
}
