{
  "lockfile_version": "1",
  "packages": {
    "cachix@latest": {
      "last_modified": "2024-12-23T21:10:33Z",
      "resolved": "github:NixOS/nixpkgs/de1864217bfa9b5845f465e771e0ecb48b30e02d#cachix",
      "source": "devbox-search",
      "version": "1.7.5",
      "systems": {
        "aarch64-darwin": {
          "outputs": [
            {
              "name": "bin",
              "path": "/nix/store/c26anmlcrcfh8l6c3jqn0103ljnac8ik-cachix-1.7.5-bin",
              "default": true
            },
            {
              "name": "doc",
              "path": "/nix/store/l07sjksyzjfgb79i03a58kks58rdq89a-cachix-1.7.5-doc"
            },
            {
              "name": "out",
              "path": "/nix/store/zj7z8hs2xa3k4psch1733jl98wzsa4qf-cachix-1.7.5"
            }
          ],
          "store_path": "/nix/store/c26anmlcrcfh8l6c3jqn0103ljnac8ik-cachix-1.7.5-bin"
        },
        "aarch64-linux": {
          "outputs": [
            {
              "name": "bin",
              "path": "/nix/store/msdfqnasw28vdbyp1719i07fj0ghi6k7-cachix-1.7.5-bin",
              "default": true
            },
            {
              "name": "doc",
              "path": "/nix/store/4kr5d96y8ar8hras6si73b77kf9bv8a7-cachix-1.7.5-doc"
            },
            {
              "name": "out",
              "path": "/nix/store/jf92m2mxand3zjq619dwiq0hyj6bnhz6-cachix-1.7.5"
            }
          ],
          "store_path": "/nix/store/msdfqnasw28vdbyp1719i07fj0ghi6k7-cachix-1.7.5-bin"
        },
        "x86_64-darwin": {
          "outputs": [
            {
              "name": "bin",
              "path": "/nix/store/nszqwarm80fb6zhy7m3arnl5mx6p9wf7-cachix-1.7.5-bin",
              "default": true
            },
            {
              "name": "doc",
              "path": "/nix/store/ddxh0kibg2ri8cz9xqp96cmavcpc62dd-cachix-1.7.5-doc"
            },
            {
              "name": "out",
              "path": "/nix/store/zc94m316vbqid8rirpy6mgjn5jciyqlk-cachix-1.7.5"
            }
          ],
          "store_path": "/nix/store/nszqwarm80fb6zhy7m3arnl5mx6p9wf7-cachix-1.7.5-bin"
        },
        "x86_64-linux": {
          "outputs": [
            {
              "name": "bin",
              "path": "/nix/store/h7i1hpq9fi52xg7nr8srh0pza0yrpw8i-cachix-1.7.5-bin",
              "default": true
            },
            {
              "name": "doc",
              "path": "/nix/store/x2d9h0c3d9f5x2k4i94k1rgvl3bwnidc-cachix-1.7.5-doc"
            },
            {
              "name": "out",
              "path": "/nix/store/m1y6kqzxnr8h7nz6x93xxhdgqhvqzpax-cachix-1.7.5"
            }
          ],
          "store_path": "/nix/store/h7i1hpq9fi52xg7nr8srh0pza0yrpw8i-cachix-1.7.5-bin"
        }
      }
    },
    "cargo-flamegraph@latest": {
      "last_modified": "2024-12-23T21:10:33Z",
      "resolved": "github:NixOS/nixpkgs/de1864217bfa9b5845f465e771e0ecb48b30e02d#cargo-flamegraph",
      "source": "devbox-search",
      "version": "0.6.7",
      "systems": {
        "aarch64-darwin": {
          "outputs": [
            {
              "name": "out",
              "path": "/nix/store/9z3p4dh4jr7284n0wv7mz6drp20irrz0-cargo-flamegraph-0.6.7",
              "default": true
            }
          ],
          "store_path": "/nix/store/9z3p4dh4jr7284n0wv7mz6drp20irrz0-cargo-flamegraph-0.6.7"
        },
        "aarch64-linux": {
          "outputs": [
            {
              "name": "out",
              "path": "/nix/store/b359bjc4cldk6r9kmw31jgnsixx1b29k-cargo-flamegraph-0.6.7",
              "default": true
            }
          ],
          "store_path": "/nix/store/b359bjc4cldk6r9kmw31jgnsixx1b29k-cargo-flamegraph-0.6.7"
        },
        "x86_64-darwin": {
          "outputs": [
            {
              "name": "out",
              "path": "/nix/store/4bakhx8kl3yig6aq175f9a98pi0kw8k9-cargo-flamegraph-0.6.7",
              "default": true
            }
          ],
          "store_path": "/nix/store/4bakhx8kl3yig6aq175f9a98pi0kw8k9-cargo-flamegraph-0.6.7"
        },
        "x86_64-linux": {
          "outputs": [
            {
              "name": "out",
              "path": "/nix/store/0b3mmpadxjr5rdq442vp1fwmld1ly2qk-cargo-flamegraph-0.6.7",
              "default": true
            }
          ],
          "store_path": "/nix/store/0b3mmpadxjr5rdq442vp1fwmld1ly2qk-cargo-flamegraph-0.6.7"
        }
      }
    },
    "clang@latest": {
      "last_modified": "2024-12-23T21:10:33Z",
      "resolved": "github:NixOS/nixpkgs/de1864217bfa9b5845f465e771e0ecb48b30e02d#clang",
      "source": "devbox-search",
      "version": "19.1.5",
      "systems": {
        "aarch64-darwin": {
          "outputs": [
            {
              "name": "out",
              "path": "/nix/store/wkadfwbhn9b4kdih88j7izzy20qw79bk-clang-wrapper-19.1.5",
              "default": true
            }
          ],
          "store_path": "/nix/store/wkadfwbhn9b4kdih88j7izzy20qw79bk-clang-wrapper-19.1.5"
        },
        "aarch64-linux": {
          "outputs": [
            {
              "name": "out",
              "path": "/nix/store/axikx8yj4ha02kdq7zk3cyvzy9jxcl3d-clang-wrapper-19.1.5",
              "default": true
            }
          ],
          "store_path": "/nix/store/axikx8yj4ha02kdq7zk3cyvzy9jxcl3d-clang-wrapper-19.1.5"
        },
        "x86_64-darwin": {
          "outputs": [
            {
              "name": "out",
              "path": "/nix/store/p7ck87mq20ngn4rv8w52imx4c80qj801-clang-wrapper-19.1.5",
              "default": true
            }
          ],
          "store_path": "/nix/store/p7ck87mq20ngn4rv8w52imx4c80qj801-clang-wrapper-19.1.5"
        },
        "x86_64-linux": {
          "outputs": [
            {
              "name": "out",
              "path": "/nix/store/xl0vlc2wdchfbq8536zs19pj2r3xdmma-clang-wrapper-19.1.5",
              "default": true
            }
          ],
          "store_path": "/nix/store/xl0vlc2wdchfbq8536zs19pj2r3xdmma-clang-wrapper-19.1.5"
        }
      }
    },
    "darwin.apple_sdk.frameworks.SystemConfiguration": {
      "resolved": "github:NixOS/nixpkgs/f80ac848e3d6f0c12c52758c0f25c10c97ca3b62#darwin.apple_sdk.frameworks.SystemConfiguration",
      "source": "nixpkg"
    },
    "gcc@13.2.0": {
      "last_modified": "2024-05-22T06:18:38Z",
      "resolved": "github:NixOS/nixpkgs/3f316d2a50699a78afe5e77ca486ad553169061e#gcc",
      "source": "devbox-search",
      "version": "13.2.0",
      "systems": {
        "aarch64-darwin": {
          "outputs": [
            {
              "name": "out",
              "path": "/nix/store/bwcwdgfr3831h4lrh6cfd58bx3x4mk9f-gcc-wrapper-13.2.0",
              "default": true
            },
            {
              "name": "man",
              "path": "/nix/store/z12z1cz69l7d3spknv912xlv4f85zjjs-gcc-wrapper-13.2.0-man",
              "default": true
            },
            {
              "name": "info",
              "path": "/nix/store/6zyjhsn4wr2rdf6a5nlbq4ch034kz385-gcc-wrapper-13.2.0-info"
            }
          ],
          "store_path": "/nix/store/bwcwdgfr3831h4lrh6cfd58bx3x4mk9f-gcc-wrapper-13.2.0"
        },
        "aarch64-linux": {
          "outputs": [
            {
              "name": "out",
              "path": "/nix/store/bqwjxqdz2ywf5zy5lw7wbbkbswwbb26x-gcc-wrapper-13.2.0",
              "default": true
            },
            {
              "name": "man",
              "path": "/nix/store/3kxysygs6h08l5kimjimphvq9x8x6fgp-gcc-wrapper-13.2.0-man",
              "default": true
            },
            {
              "name": "info",
              "path": "/nix/store/ajahri5ic1hmsx23c0j3mw6ynnjzryj9-gcc-wrapper-13.2.0-info"
            }
          ],
          "store_path": "/nix/store/bqwjxqdz2ywf5zy5lw7wbbkbswwbb26x-gcc-wrapper-13.2.0"
        },
        "x86_64-darwin": {
          "outputs": [
            {
              "name": "out",
              "path": "/nix/store/ay3y9j6nzcmwjdj4myvixdbqn4pr62hl-gcc-wrapper-13.2.0",
              "default": true
            },
            {
              "name": "man",
              "path": "/nix/store/3v45ibln7q7avw34mmcph75knjnqgxcx-gcc-wrapper-13.2.0-man",
              "default": true
            },
            {
              "name": "info",
              "path": "/nix/store/zfpzdwl7ks1qzc0ahg9ly0pq8664hgxz-gcc-wrapper-13.2.0-info"
            }
          ],
          "store_path": "/nix/store/ay3y9j6nzcmwjdj4myvixdbqn4pr62hl-gcc-wrapper-13.2.0"
        },
        "x86_64-linux": {
          "outputs": [
            {
              "name": "out",
              "path": "/nix/store/9bv7dcvmfcjnmg5mnqwqlq2wxfn8d7yi-gcc-wrapper-13.2.0",
              "default": true
            },
            {
              "name": "man",
              "path": "/nix/store/vhj52b8nfrxl2n014awiqxs3prxrw2li-gcc-wrapper-13.2.0-man",
              "default": true
            },
            {
              "name": "info",
              "path": "/nix/store/ndw9ai50fky1s26gbx1yvchh3rw0rhw1-gcc-wrapper-13.2.0-info"
            }
          ],
          "store_path": "/nix/store/9bv7dcvmfcjnmg5mnqwqlq2wxfn8d7yi-gcc-wrapper-13.2.0"
        }
      }
    },
    "libiconv@latest": {
      "last_modified": "2024-12-23T21:10:33Z",
      "resolved": "github:NixOS/nixpkgs/de1864217bfa9b5845f465e771e0ecb48b30e02d#libiconv",
      "source": "devbox-search",
      "version": "2.40",
      "systems": {
        "aarch64-linux": {
          "outputs": [
            {
              "name": "out",
              "path": "/nix/store/9sj81vq4da8pi1lk5giygcy78nji3f7c-glibc-iconv-2.40",
              "default": true
            }
          ],
          "store_path": "/nix/store/9sj81vq4da8pi1lk5giygcy78nji3f7c-glibc-iconv-2.40"
        },
        "x86_64-linux": {
          "outputs": [
            {
              "name": "out",
              "path": "/nix/store/ym52wgq3kyp6c3sy27qnzd4g81i4d5v6-glibc-iconv-2.40",
              "default": true
            }
          ],
          "store_path": "/nix/store/ym52wgq3kyp6c3sy27qnzd4g81i4d5v6-glibc-iconv-2.40"
        }
      }
    },
    "lua-language-server@latest": {
      "last_modified": "2024-12-27T03:08:00Z",
      "resolved": "github:NixOS/nixpkgs/7cc0bff31a3a705d3ac4fdceb030a17239412210#lua-language-server",
      "source": "devbox-search",
      "version": "3.13.4",
      "systems": {
        "aarch64-darwin": {
          "outputs": [
            {
              "name": "out",
              "path": "/nix/store/xk2ppdy8vcl7v4a615wki38hc7x5a1nk-lua-language-server-3.13.4",
              "default": true
            }
          ],
          "store_path": "/nix/store/xk2ppdy8vcl7v4a615wki38hc7x5a1nk-lua-language-server-3.13.4"
        },
        "aarch64-linux": {
          "outputs": [
            {
              "name": "out",
              "path": "/nix/store/qlxrzjpy3i3hm8rgnqkh2kqhwbns5ai1-lua-language-server-3.13.4",
              "default": true
            }
          ],
          "store_path": "/nix/store/qlxrzjpy3i3hm8rgnqkh2kqhwbns5ai1-lua-language-server-3.13.4"
        },
        "x86_64-darwin": {
          "outputs": [
            {
              "name": "out",
              "path": "/nix/store/nhmcl90f9iq7silh8qh0ah4n3cf9d2k6-lua-language-server-3.13.4",
              "default": true
            }
          ],
          "store_path": "/nix/store/nhmcl90f9iq7silh8qh0ah4n3cf9d2k6-lua-language-server-3.13.4"
        },
        "x86_64-linux": {
          "outputs": [
            {
              "name": "out",
              "path": "/nix/store/8vn9kzbzfdhzxcdhg9rb7ym5y01f0hiq-lua-language-server-3.13.4",
              "default": true
            }
          ],
          "store_path": "/nix/store/8vn9kzbzfdhzxcdhg9rb7ym5y01f0hiq-lua-language-server-3.13.4"
        }
      }
    },
    "luajitPackages.busted@latest": {
      "last_modified": "2024-12-23T21:10:33Z",
      "resolved": "github:NixOS/nixpkgs/de1864217bfa9b5845f465e771e0ecb48b30e02d#luajitPackages.busted",
      "source": "devbox-search",
      "version": "2.2.0-1",
      "systems": {
        "aarch64-darwin": {
          "outputs": [
            {
              "name": "out",
              "path": "/nix/store/bd7faa7wzqyhv291fn2cdpbfif2z889i-luajit2.1-busted-2.2.0-1",
              "default": true
            }
          ],
          "store_path": "/nix/store/bd7faa7wzqyhv291fn2cdpbfif2z889i-luajit2.1-busted-2.2.0-1"
        },
        "aarch64-linux": {
          "outputs": [
            {
              "name": "out",
              "path": "/nix/store/vlwkj16frrvxldfl503vpygymla48pwn-luajit2.1-busted-2.2.0-1",
              "default": true
            }
          ],
          "store_path": "/nix/store/vlwkj16frrvxldfl503vpygymla48pwn-luajit2.1-busted-2.2.0-1"
        },
        "x86_64-darwin": {
          "outputs": [
            {
              "name": "out",
              "path": "/nix/store/7b89v3v9kl7r01am626bxvld3jwxj61y-luajit2.1-busted-2.2.0-1",
              "default": true
            }
          ],
          "store_path": "/nix/store/7b89v3v9kl7r01am626bxvld3jwxj61y-luajit2.1-busted-2.2.0-1"
        },
        "x86_64-linux": {
          "outputs": [
            {
              "name": "out",
              "path": "/nix/store/sjw1jvy135ka23wbbx18klkzr9f862qi-luajit2.1-busted-2.2.0-1",
              "default": true
            }
          ],
          "store_path": "/nix/store/sjw1jvy135ka23wbbx18klkzr9f862qi-luajit2.1-busted-2.2.0-1"
        }
      }
    },
    "mold-wrapped@latest": {
      "last_modified": "2024-12-23T21:10:33Z",
      "resolved": "github:NixOS/nixpkgs/de1864217bfa9b5845f465e771e0ecb48b30e02d#mold-wrapped",
      "source": "devbox-search",
      "version": "2.35.1",
      "systems": {
        "aarch64-darwin": {
          "outputs": [
            {
              "name": "out",
              "path": "/nix/store/m7i8mww9yavffy7kz0752zrx62q7m3jw-mold-wrapper-2.35.1",
              "default": true
            }
          ],
          "store_path": "/nix/store/m7i8mww9yavffy7kz0752zrx62q7m3jw-mold-wrapper-2.35.1"
        },
        "aarch64-linux": {
          "outputs": [
            {
              "name": "out",
              "path": "/nix/store/b01v04vg6v0xxvr0ljnh38mz2qjcb6vf-mold-wrapper-2.35.1",
              "default": true
            }
          ],
          "store_path": "/nix/store/b01v04vg6v0xxvr0ljnh38mz2qjcb6vf-mold-wrapper-2.35.1"
        },
        "x86_64-darwin": {
          "outputs": [
            {
              "name": "out",
              "path": "/nix/store/2n1a1ha2rdw4zr09rffz9j2g9n8mxx4v-mold-wrapper-2.35.1",
              "default": true
            }
          ],
          "store_path": "/nix/store/2n1a1ha2rdw4zr09rffz9j2g9n8mxx4v-mold-wrapper-2.35.1"
        },
        "x86_64-linux": {
          "outputs": [
            {
              "name": "out",
              "path": "/nix/store/pdx1lnlpv4cqnqmhq9w1ff4p8rlz3lhd-mold-wrapper-2.35.1",
              "default": true
            }
          ],
          "store_path": "/nix/store/pdx1lnlpv4cqnqmhq9w1ff4p8rlz3lhd-mold-wrapper-2.35.1"
        }
      }
    },
    "rustup@latest": {
      "last_modified": "2024-12-23T21:10:33Z",
      "plugin_version": "0.0.1",
      "resolved": "github:NixOS/nixpkgs/de1864217bfa9b5845f465e771e0ecb48b30e02d#rustup",
      "source": "devbox-search",
      "version": "1.27.1",
      "systems": {
        "aarch64-darwin": {
          "outputs": [
            {
              "name": "out",
              "path": "/nix/store/f577am7fddddky4gfsfbzvy22n5qqanh-rustup-1.27.1",
              "default": true
            }
          ],
          "store_path": "/nix/store/f577am7fddddky4gfsfbzvy22n5qqanh-rustup-1.27.1"
        },
        "aarch64-linux": {
          "outputs": [
            {
              "name": "out",
              "path": "/nix/store/0alinkf7s4gizy7ph01jh1p5nxwkcaci-rustup-1.27.1",
              "default": true
            }
          ],
          "store_path": "/nix/store/0alinkf7s4gizy7ph01jh1p5nxwkcaci-rustup-1.27.1"
        },
        "x86_64-darwin": {
          "outputs": [
            {
              "name": "out",
              "path": "/nix/store/94viny8yipljwgxvyz1xljcg3mpgnyfp-rustup-1.27.1",
              "default": true
            }
          ],
          "store_path": "/nix/store/94viny8yipljwgxvyz1xljcg3mpgnyfp-rustup-1.27.1"
        },
        "x86_64-linux": {
          "outputs": [
            {
              "name": "out",
              "path": "/nix/store/lmf8r03kjrjw2anyd04wwd26lw8klisn-rustup-1.27.1",
              "default": true
            }
          ],
          "store_path": "/nix/store/lmf8r03kjrjw2anyd04wwd26lw8klisn-rustup-1.27.1"
        }
      }
    },
    "sqlx-cli@latest": {
      "last_modified": "2024-12-23T21:10:33Z",
      "resolved": "github:NixOS/nixpkgs/de1864217bfa9b5845f465e771e0ecb48b30e02d#sqlx-cli",
      "source": "devbox-search",
      "version": "0.8.2",
      "systems": {
        "aarch64-darwin": {
          "outputs": [
            {
              "name": "out",
              "path": "/nix/store/jd692icqz5yb054gw745x02xwiqw2q5x-sqlx-cli-0.8.2",
              "default": true
            }
          ],
          "store_path": "/nix/store/jd692icqz5yb054gw745x02xwiqw2q5x-sqlx-cli-0.8.2"
        },
        "aarch64-linux": {
          "outputs": [
            {
              "name": "out",
              "path": "/nix/store/c3q21w86fj6p06ysk5fm0spgwxxrbwsn-sqlx-cli-0.8.2",
              "default": true
            }
          ],
          "store_path": "/nix/store/c3q21w86fj6p06ysk5fm0spgwxxrbwsn-sqlx-cli-0.8.2"
        },
        "x86_64-darwin": {
          "outputs": [
            {
              "name": "out",
              "path": "/nix/store/g44a4xmxqwaalb9zlry3ac962zlph3kq-sqlx-cli-0.8.2",
              "default": true
            }
          ],
          "store_path": "/nix/store/g44a4xmxqwaalb9zlry3ac962zlph3kq-sqlx-cli-0.8.2"
        },
        "x86_64-linux": {
          "outputs": [
            {
              "name": "out",
              "path": "/nix/store/va92bdcmzdgxd1jbgrblr7is1iq1918y-sqlx-cli-0.8.2",
              "default": true
            }
          ],
          "store_path": "/nix/store/va92bdcmzdgxd1jbgrblr7is1iq1918y-sqlx-cli-0.8.2"
        }
      }
    }
  }
}
