{
  "lockfile_version": "1",
  "packages": {
    "cargo-cross@latest": {
      "last_modified": "2023-12-13T22:54:10Z",
      "resolved": "github:NixOS/nixpkgs/fd04bea4cbf76f86f244b9e2549fca066db8ddff#cargo-cross",
      "source": "devbox-search",
      "version": "0.2.5",
      "systems": {
        "aarch64-darwin": {
          "store_path": "/nix/store/4zwcy7jc6icy70x16dp581hpa2p1ac48-cargo-cross-0.2.5"
        },
        "aarch64-linux": {
          "store_path": "/nix/store/dlgpkcdx24mlz1fp1q40wp9iw2rxlrfc-cargo-cross-0.2.5"
        },
        "x86_64-darwin": {
          "store_path": "/nix/store/i1f6iiqynz3xmrkps2x3dz6wp432l2bf-cargo-cross-0.2.5"
        },
        "x86_64-linux": {
          "store_path": "/nix/store/jvw8lfi2mk5p7gb7wgjhgccrmyymrmdj-cargo-cross-0.2.5"
        }
      }
    },
    "libiconv@latest": {
      "last_modified": "2023-11-19T17:46:56Z",
      "resolved": "github:NixOS/nixpkgs/0bf3f5cf6a98b5d077cdcdb00a6d4b3d92bc78b5#libiconv",
      "version": "2.38"
    },
    "openssl_1_1": {
      "resolved": "github:NixOS/nixpkgs/f80ac848e3d6f0c12c52758c0f25c10c97ca3b62#openssl_1_1"
    },
    "pkg-config": {
      "resolved": "github:NixOS/nixpkgs/f80ac848e3d6f0c12c52758c0f25c10c97ca3b62#pkg-config"
    },
    "rustup@latest": {
      "last_modified": "2023-11-19T17:46:56Z",
      "plugin_version": "0.0.1",
      "resolved": "github:NixOS/nixpkgs/0bf3f5cf6a98b5d077cdcdb00a6d4b3d92bc78b5#rustup",
      "version": "1.26.0"
    }
  }
}
